// !$*UTF8*$!
{
	archiveVersion = 1;
	classes = {
	};
	objectVersion = 56;
	objects = {

/* Begin PBXBuildFile section */
		B7878EA22C1FC04100316EE4 /* AppAppearance.swift in Sources */ = {isa = PBXBuildFile; fileRef = B7878EA12C1FC04100316EE4 /* AppAppearance.swift */; };
		B7878EA42C1FCC8E00316EE4 /* ImagePickerView.swift in Sources */ = {isa = PBXBuildFile; fileRef = B7878EA32C1FCC8E00316EE4 /* ImagePickerView.swift */; };
		B78835562C1DB11F00D24CB7 /* Item.swift in Sources */ = {isa = PBXBuildFile; fileRef = B78835552C1DB11F00D24CB7 /* Item.swift */; };
		B7C797AF2C1C30B400A45639 /* FreshNyamApp.swift in Sources */ = {isa = PBXBuildFile; fileRef = B7C797AE2C1C30B400A45639 /* FreshNyamApp.swift */; };
		B7C797B12C1C30B400A45639 /* ContentView.swift in Sources */ = {isa = PBXBuildFile; fileRef = B7C797B02C1C30B400A45639 /* ContentView.swift */; };
		B7C797B32C1C30B500A45639 /* Assets.xcassets in Resources */ = {isa = PBXBuildFile; fileRef = B7C797B22C1C30B500A45639 /* Assets.xcassets */; };
		B7C797B62C1C30B500A45639 /* Preview Assets.xcassets in Resources */ = {isa = PBXBuildFile; fileRef = B7C797B52C1C30B500A45639 /* Preview Assets.xcassets */; };
		B7C797BF2C1C33D300A45639 /* ItemManager.swift in Sources */ = {isa = PBXBuildFile; fileRef = B7C797BE2C1C33D300A45639 /* ItemManager.swift */; };
		B7C797C12C1C33F100A45639 /* AddItemView.swift in Sources */ = {isa = PBXBuildFile; fileRef = B7C797C02C1C33F100A45639 /* AddItemView.swift */; };
		B7C797C32C1C72C300A45639 /* SettingsView.swift in Sources */ = {isa = PBXBuildFile; fileRef = B7C797C22C1C72C300A45639 /* SettingsView.swift */; };
		B7C797C52C1C77BC00A45639 /* EditItemView.swift in Sources */ = {isa = PBXBuildFile; fileRef = B7C797C42C1C77BC00A45639 /* EditItemView.swift */; };
/* End PBXBuildFile section */

/* Begin PBXCopyFilesBuildPhase section */
		B78835732C1EBEBD00D24CB7 /* Embed Foundation Extensions */ = {
			isa = PBXCopyFilesBuildPhase;
			buildActionMask = 2147483647;
			dstPath = "";
			dstSubfolderSpec = 13;
			files = (
			);
			name = "Embed Foundation Extensions";
			runOnlyForDeploymentPostprocessing = 0;
		};
/* End PBXCopyFilesBuildPhase section */

/* Begin PBXFileReference section */
		B7878EA12C1FC04100316EE4 /* AppAppearance.swift */ = {isa = PBXFileReference; lastKnownFileType = sourcecode.swift; path = AppAppearance.swift; sourceTree = "<group>"; };
		B7878EA32C1FCC8E00316EE4 /* ImagePickerView.swift */ = {isa = PBXFileReference; lastKnownFileType = sourcecode.swift; path = ImagePickerView.swift; sourceTree = "<group>"; };
		B78835552C1DB11F00D24CB7 /* Item.swift */ = {isa = PBXFileReference; lastKnownFileType = sourcecode.swift; path = Item.swift; sourceTree = "<group>"; };
		B788355D2C1EBEBB00D24CB7 /* WidgetKit.framework */ = {isa = PBXFileReference; lastKnownFileType = wrapper.framework; name = WidgetKit.framework; path = System/Library/Frameworks/WidgetKit.framework; sourceTree = SDKROOT; };
		B788355F2C1EBEBB00D24CB7 /* SwiftUI.framework */ = {isa = PBXFileReference; lastKnownFileType = wrapper.framework; name = SwiftUI.framework; path = System/Library/Frameworks/SwiftUI.framework; sourceTree = SDKROOT; };
		B7C797AB2C1C30B400A45639 /* FreshNyam.app */ = {isa = PBXFileReference; explicitFileType = wrapper.application; includeInIndex = 0; path = FreshNyam.app; sourceTree = BUILT_PRODUCTS_DIR; };
		B7C797AE2C1C30B400A45639 /* FreshNyamApp.swift */ = {isa = PBXFileReference; lastKnownFileType = sourcecode.swift; path = FreshNyamApp.swift; sourceTree = "<group>"; };
		B7C797B02C1C30B400A45639 /* ContentView.swift */ = {isa = PBXFileReference; lastKnownFileType = sourcecode.swift; path = ContentView.swift; sourceTree = "<group>"; };
		B7C797B22C1C30B500A45639 /* Assets.xcassets */ = {isa = PBXFileReference; lastKnownFileType = folder.assetcatalog; path = Assets.xcassets; sourceTree = "<group>"; };
		B7C797B52C1C30B500A45639 /* Preview Assets.xcassets */ = {isa = PBXFileReference; lastKnownFileType = folder.assetcatalog; path = "Preview Assets.xcassets"; sourceTree = "<group>"; };
		B7C797BE2C1C33D300A45639 /* ItemManager.swift */ = {isa = PBXFileReference; lastKnownFileType = sourcecode.swift; path = ItemManager.swift; sourceTree = "<group>"; };
		B7C797C02C1C33F100A45639 /* AddItemView.swift */ = {isa = PBXFileReference; lastKnownFileType = sourcecode.swift; path = AddItemView.swift; sourceTree = "<group>"; };
		B7C797C22C1C72C300A45639 /* SettingsView.swift */ = {isa = PBXFileReference; lastKnownFileType = sourcecode.swift; path = SettingsView.swift; sourceTree = "<group>"; };
		B7C797C42C1C77BC00A45639 /* EditItemView.swift */ = {isa = PBXFileReference; lastKnownFileType = sourcecode.swift; path = EditItemView.swift; sourceTree = "<group>"; };
/* End PBXFileReference section */

/* Begin PBXFrameworksBuildPhase section */
		B7C797A82C1C30B400A45639 /* Frameworks */ = {
			isa = PBXFrameworksBuildPhase;
			buildActionMask = 2147483647;
			files = (
			);
			runOnlyForDeploymentPostprocessing = 0;
		};
/* End PBXFrameworksBuildPhase section */

/* Begin PBXGroup section */
		B788355C2C1EBEBB00D24CB7 /* Frameworks */ = {
			isa = PBXGroup;
			children = (
				B788355D2C1EBEBB00D24CB7 /* WidgetKit.framework */,
				B788355F2C1EBEBB00D24CB7 /* SwiftUI.framework */,
			);
			name = Frameworks;
			sourceTree = "<group>";
		};
		B7C797A22C1C30B400A45639 = {
			isa = PBXGroup;
			children = (
				B7C797AD2C1C30B400A45639 /* FreshNyam */,
				B788355C2C1EBEBB00D24CB7 /* Frameworks */,
				B7C797AC2C1C30B400A45639 /* Products */,
			);
			sourceTree = "<group>";
		};
		B7C797AC2C1C30B400A45639 /* Products */ = {
			isa = PBXGroup;
			children = (
				B7C797AB2C1C30B400A45639 /* FreshNyam.app */,
			);
			name = Products;
			sourceTree = "<group>";
		};
		B7C797AD2C1C30B400A45639 /* FreshNyam */ = {
			isa = PBXGroup;
			children = (
				B7878EA12C1FC04100316EE4 /* AppAppearance.swift */,
				B7C797AE2C1C30B400A45639 /* FreshNyamApp.swift */,
				B7C797B02C1C30B400A45639 /* ContentView.swift */,
				B7C797C42C1C77BC00A45639 /* EditItemView.swift */,
				B7C797C22C1C72C300A45639 /* SettingsView.swift */,
				B7C797C02C1C33F100A45639 /* AddItemView.swift */,
				B7878EA32C1FCC8E00316EE4 /* ImagePickerView.swift */,
				B7C797BE2C1C33D300A45639 /* ItemManager.swift */,
				B78835552C1DB11F00D24CB7 /* Item.swift */,
				B7C797B22C1C30B500A45639 /* Assets.xcassets */,
				B7C797B42C1C30B500A45639 /* Preview Content */,
			);
			path = FreshNyam;
			sourceTree = "<group>";
		};
		B7C797B42C1C30B500A45639 /* Preview Content */ = {
			isa = PBXGroup;
			children = (
				B7C797B52C1C30B500A45639 /* Preview Assets.xcassets */,
			);
			path = "Preview Content";
			sourceTree = "<group>";
		};
/* End PBXGroup section */

/* Begin PBXNativeTarget section */
		B7C797AA2C1C30B400A45639 /* FreshNyam */ = {
			isa = PBXNativeTarget;
			buildConfigurationList = B7C797B92C1C30B500A45639 /* Build configuration list for PBXNativeTarget "FreshNyam" */;
			buildPhases = (
				B7C797A72C1C30B400A45639 /* Sources */,
				B7C797A82C1C30B400A45639 /* Frameworks */,
				B7C797A92C1C30B400A45639 /* Resources */,
				B78835732C1EBEBD00D24CB7 /* Embed Foundation Extensions */,
			);
			buildRules = (
			);
			dependencies = (
			);
			name = FreshNyam;
			productName = FreshNyam;
			productReference = B7C797AB2C1C30B400A45639 /* FreshNyam.app */;
			productType = "com.apple.product-type.application";
		};
/* End PBXNativeTarget section */

/* Begin PBXProject section */
		B7C797A32C1C30B400A45639 /* Project object */ = {
			isa = PBXProject;
			attributes = {
				BuildIndependentTargetsInParallel = 1;
				LastSwiftUpdateCheck = 1540;
				LastUpgradeCheck = 1540;
				TargetAttributes = {
					B7C797AA2C1C30B400A45639 = {
						CreatedOnToolsVersion = 15.4;
					};
				};
			};
			buildConfigurationList = B7C797A62C1C30B400A45639 /* Build configuration list for PBXProject "FreshNyam" */;
			compatibilityVersion = "Xcode 14.0";
			developmentRegion = en;
			hasScannedForEncodings = 0;
			knownRegions = (
				en,
				Base,
			);
			mainGroup = B7C797A22C1C30B400A45639;
			productRefGroup = B7C797AC2C1C30B400A45639 /* Products */;
			projectDirPath = "";
			projectRoot = "";
			targets = (
				B7C797AA2C1C30B400A45639 /* FreshNyam */,
			);
		};
/* End PBXProject section */

/* Begin PBXResourcesBuildPhase section */
		B7C797A92C1C30B400A45639 /* Resources */ = {
			isa = PBXResourcesBuildPhase;
			buildActionMask = 2147483647;
			files = (
				B7C797B62C1C30B500A45639 /* Preview Assets.xcassets in Resources */,
				B7C797B32C1C30B500A45639 /* Assets.xcassets in Resources */,
			);
			runOnlyForDeploymentPostprocessing = 0;
		};
/* End PBXResourcesBuildPhase section */

/* Begin PBXSourcesBuildPhase section */
		B7C797A72C1C30B400A45639 /* Sources */ = {
			isa = PBXSourcesBuildPhase;
			buildActionMask = 2147483647;
			files = (
				B7C797B12C1C30B400A45639 /* ContentView.swift in Sources */,
				B7C797BF2C1C33D300A45639 /* ItemManager.swift in Sources */,
				B7C797C32C1C72C300A45639 /* SettingsView.swift in Sources */,
				B7C797AF2C1C30B400A45639 /* FreshNyamApp.swift in Sources */,
				B7878EA42C1FCC8E00316EE4 /* ImagePickerView.swift in Sources */,
				B78835562C1DB11F00D24CB7 /* Item.swift in Sources */,
				B7C797C12C1C33F100A45639 /* AddItemView.swift in Sources */,
				B7C797C52C1C77BC00A45639 /* EditItemView.swift in Sources */,
				B7878EA22C1FC04100316EE4 /* AppAppearance.swift in Sources */,
			);
			runOnlyForDeploymentPostprocessing = 0;
		};
/* End PBXSourcesBuildPhase section */

/* Begin XCBuildConfiguration section */
		B7C797B72C1C30B500A45639 /* Debug */ = {
			isa = XCBuildConfiguration;
			buildSettings = {
				ALWAYS_SEARCH_USER_PATHS = NO;
				ASSETCATALOG_COMPILER_GENERATE_SWIFT_ASSET_SYMBOL_EXTENSIONS = YES;
				CLANG_ANALYZER_NONNULL = YES;
				CLANG_ANALYZER_NUMBER_OBJECT_CONVERSION = YES_AGGRESSIVE;
				CLANG_CXX_LANGUAGE_STANDARD = "gnu++20";
				CLANG_ENABLE_MODULES = YES;
				CLANG_ENABLE_OBJC_ARC = YES;
				CLANG_ENABLE_OBJC_WEAK = YES;
				CLANG_WARN_BLOCK_CAPTURE_AUTORELEASING = YES;
				CLANG_WARN_BOOL_CONVERSION = YES;
				CLANG_WARN_COMMA = YES;
				CLANG_WARN_CONSTANT_CONVERSION = YES;
				CLANG_WARN_DEPRECATED_OBJC_IMPLEMENTATIONS = YES;
				CLANG_WARN_DIRECT_OBJC_ISA_USAGE = YES_ERROR;
				CLANG_WARN_DOCUMENTATION_COMMENTS = YES;
				CLANG_WARN_EMPTY_BODY = YES;
				CLANG_WARN_ENUM_CONVERSION = YES;
				CLANG_WARN_INFINITE_RECURSION = YES;
				CLANG_WARN_INT_CONVERSION = YES;
				CLANG_WARN_NON_LITERAL_NULL_CONVERSION = YES;
				CLANG_WARN_OBJC_IMPLICIT_RETAIN_SELF = YES;
				CLANG_WARN_OBJC_LITERAL_CONVERSION = YES;
				CLANG_WARN_OBJC_ROOT_CLASS = YES_ERROR;
				CLANG_WARN_QUOTED_INCLUDE_IN_FRAMEWORK_HEADER = YES;
				CLANG_WARN_RANGE_LOOP_ANALYSIS = YES;
				CLANG_WARN_STRICT_PROTOTYPES = YES;
				CLANG_WARN_SUSPICIOUS_MOVE = YES;
				CLANG_WARN_UNGUARDED_AVAILABILITY = YES_AGGRESSIVE;
				CLANG_WARN_UNREACHABLE_CODE = YES;
				CLANG_WARN__DUPLICATE_METHOD_MATCH = YES;
				COPY_PHASE_STRIP = NO;
				DEBUG_INFORMATION_FORMAT = dwarf;
				ENABLE_STRICT_OBJC_MSGSEND = YES;
				ENABLE_TESTABILITY = YES;
				ENABLE_USER_SCRIPT_SANDBOXING = YES;
				GCC_C_LANGUAGE_STANDARD = gnu17;
				GCC_DYNAMIC_NO_PIC = NO;
				GCC_NO_COMMON_BLOCKS = YES;
				GCC_OPTIMIZATION_LEVEL = 0;
				GCC_PREPROCESSOR_DEFINITIONS = (
					"DEBUG=1",
					"$(inherited)",
				);
				GCC_WARN_64_TO_32_BIT_CONVERSION = YES;
				GCC_WARN_ABOUT_RETURN_TYPE = YES_ERROR;
				GCC_WARN_UNDECLARED_SELECTOR = YES;
				GCC_WARN_UNINITIALIZED_AUTOS = YES_AGGRESSIVE;
				GCC_WARN_UNUSED_FUNCTION = YES;
				GCC_WARN_UNUSED_VARIABLE = YES;
				IPHONEOS_DEPLOYMENT_TARGET = 17.5;
				LOCALIZATION_PREFERS_STRING_CATALOGS = YES;
				MTL_ENABLE_DEBUG_INFO = INCLUDE_SOURCE;
				MTL_FAST_MATH = YES;
				ONLY_ACTIVE_ARCH = YES;
				SDKROOT = iphoneos;
				SWIFT_ACTIVE_COMPILATION_CONDITIONS = "DEBUG $(inherited)";
				SWIFT_OPTIMIZATION_LEVEL = "-Onone";
			};
			name = Debug;
		};
		B7C797B82C1C30B500A45639 /* Release */ = {
			isa = XCBuildConfiguration;
			buildSettings = {
				ALWAYS_SEARCH_USER_PATHS = NO;
				ASSETCATALOG_COMPILER_GENERATE_SWIFT_ASSET_SYMBOL_EXTENSIONS = YES;
				CLANG_ANALYZER_NONNULL = YES;
				CLANG_ANALYZER_NUMBER_OBJECT_CONVERSION = YES_AGGRESSIVE;
				CLANG_CXX_LANGUAGE_STANDARD = "gnu++20";
				CLANG_ENABLE_MODULES = YES;
				CLANG_ENABLE_OBJC_ARC = YES;
				CLANG_ENABLE_OBJC_WEAK = YES;
				CLANG_WARN_BLOCK_CAPTURE_AUTORELEASING = YES;
				CLANG_WARN_BOOL_CONVERSION = YES;
				CLANG_WARN_COMMA = YES;
				CLANG_WARN_CONSTANT_CONVERSION = YES;
				CLANG_WARN_DEPRECATED_OBJC_IMPLEMENTATIONS = YES;
				CLANG_WARN_DIRECT_OBJC_ISA_USAGE = YES_ERROR;
				CLANG_WARN_DOCUMENTATION_COMMENTS = YES;
				CLANG_WARN_EMPTY_BODY = YES;
				CLANG_WARN_ENUM_CONVERSION = YES;
				CLANG_WARN_INFINITE_RECURSION = YES;
				CLANG_WARN_INT_CONVERSION = YES;
				CLANG_WARN_NON_LITERAL_NULL_CONVERSION = YES;
				CLANG_WARN_OBJC_IMPLICIT_RETAIN_SELF = YES;
				CLANG_WARN_OBJC_LITERAL_CONVERSION = YES;
				CLANG_WARN_OBJC_ROOT_CLASS = YES_ERROR;
				CLANG_WARN_QUOTED_INCLUDE_IN_FRAMEWORK_HEADER = YES;
				CLANG_WARN_RANGE_LOOP_ANALYSIS = YES;
				CLANG_WARN_STRICT_PROTOTYPES = YES;
				CLANG_WARN_SUSPICIOUS_MOVE = YES;
				CLANG_WARN_UNGUARDED_AVAILABILITY = YES_AGGRESSIVE;
				CLANG_WARN_UNREACHABLE_CODE = YES;
				CLANG_WARN__DUPLICATE_METHOD_MATCH = YES;
				COPY_PHASE_STRIP = NO;
				DEBUG_INFORMATION_FORMAT = "dwarf-with-dsym";
				ENABLE_NS_ASSERTIONS = NO;
				ENABLE_STRICT_OBJC_MSGSEND = YES;
				ENABLE_USER_SCRIPT_SANDBOXING = YES;
				GCC_C_LANGUAGE_STANDARD = gnu17;
				GCC_NO_COMMON_BLOCKS = YES;
				GCC_WARN_64_TO_32_BIT_CONVERSION = YES;
				GCC_WARN_ABOUT_RETURN_TYPE = YES_ERROR;
				GCC_WARN_UNDECLARED_SELECTOR = YES;
				GCC_WARN_UNINITIALIZED_AUTOS = YES_AGGRESSIVE;
				GCC_WARN_UNUSED_FUNCTION = YES;
				GCC_WARN_UNUSED_VARIABLE = YES;
				IPHONEOS_DEPLOYMENT_TARGET = 17.5;
				LOCALIZATION_PREFERS_STRING_CATALOGS = YES;
				MTL_ENABLE_DEBUG_INFO = NO;
				MTL_FAST_MATH = YES;
				SDKROOT = iphoneos;
				SWIFT_COMPILATION_MODE = wholemodule;
				VALIDATE_PRODUCT = YES;
			};
			name = Release;
		};
		B7C797BA2C1C30B500A45639 /* Debug */ = {
			isa = XCBuildConfiguration;
			buildSettings = {
				ASSETCATALOG_COMPILER_APPICON_NAME = AppIcon;
				ASSETCATALOG_COMPILER_GLOBAL_ACCENT_COLOR_NAME = AccentColor;
				CODE_SIGN_STYLE = Automatic;
				CURRENT_PROJECT_VERSION = 1;
				DEVELOPMENT_ASSET_PATHS = "\"FreshNyam/Preview Content\"";
				DEVELOPMENT_TEAM = 52W2URGDCY;
				ENABLE_PREVIEWS = YES;
				GENERATE_INFOPLIST_FILE = YES;
				INFOPLIST_KEY_UIApplicationSceneManifest_Generation = YES;
				INFOPLIST_KEY_UIApplicationSupportsIndirectInputEvents = YES;
				INFOPLIST_KEY_UILaunchScreen_Generation = YES;
				INFOPLIST_KEY_UISupportedInterfaceOrientations_iPad = "UIInterfaceOrientationPortrait UIInterfaceOrientationPortraitUpsideDown UIInterfaceOrientationLandscapeLeft UIInterfaceOrientationLandscapeRight";
				INFOPLIST_KEY_UISupportedInterfaceOrientations_iPhone = "UIInterfaceOrientationPortrait UIInterfaceOrientationLandscapeLeft UIInterfaceOrientationLandscapeRight";
				IPHONEOS_DEPLOYMENT_TARGET = 16.4;
				LD_RUNPATH_SEARCH_PATHS = (
					"$(inherited)",
					"@executable_path/Frameworks",
				);
				MARKETING_VERSION = 1.0;
				PRODUCT_BUNDLE_IDENTIFIER = yeonjae1.FreshNyam;
				PRODUCT_NAME = "$(TARGET_NAME)";
				SWIFT_EMIT_LOC_STRINGS = YES;
				SWIFT_VERSION = 5.0;
				TARGETED_DEVICE_FAMILY = "1,2";
			};
			name = Debug;
		};
		B7C797BB2C1C30B500A45639 /* Release */ = {
			isa = XCBuildConfiguration;
			buildSettings = {
				ASSETCATALOG_COMPILER_APPICON_NAME = AppIcon;
				ASSETCATALOG_COMPILER_GLOBAL_ACCENT_COLOR_NAME = AccentColor;
				CODE_SIGN_STYLE = Automatic;
				CURRENT_PROJECT_VERSION = 1;
				DEVELOPMENT_ASSET_PATHS = "\"FreshNyam/Preview Content\"";
				DEVELOPMENT_TEAM = 52W2URGDCY;
				ENABLE_PREVIEWS = YES;
				GENERATE_INFOPLIST_FILE = YES;
				INFOPLIST_KEY_UIApplicationSceneManifest_Generation = YES;
				INFOPLIST_KEY_UIApplicationSupportsIndirectInputEvents = YES;
				INFOPLIST_KEY_UILaunchScreen_Generation = YES;
				INFOPLIST_KEY_UISupportedInterfaceOrientations_iPad = "UIInterfaceOrientationPortrait UIInterfaceOrientationPortraitUpsideDown UIInterfaceOrientationLandscapeLeft UIInterfaceOrientationLandscapeRight";
				INFOPLIST_KEY_UISupportedInterfaceOrientations_iPhone = "UIInterfaceOrientationPortrait UIInterfaceOrientationLandscapeLeft UIInterfaceOrientationLandscapeRight";
				IPHONEOS_DEPLOYMENT_TARGET = 16.4;
				LD_RUNPATH_SEARCH_PATHS = (
					"$(inherited)",
					"@executable_path/Frameworks",
				);
				MARKETING_VERSION = 1.0;
				PRODUCT_BUNDLE_IDENTIFIER = yeonjae1.FreshNyam;
				PRODUCT_NAME = "$(TARGET_NAME)";
				SWIFT_EMIT_LOC_STRINGS = YES;
				SWIFT_VERSION = 5.0;
				TARGETED_DEVICE_FAMILY = "1,2";
			};
			name = Release;
		};
/* End XCBuildConfiguration section */

/* Begin XCConfigurationList section */
		B7C797A62C1C30B400A45639 /* Build configuration list for PBXProject "FreshNyam" */ = {
			isa = XCConfigurationList;
			buildConfigurations = (
				B7C797B72C1C30B500A45639 /* Debug */,
				B7C797B82C1C30B500A45639 /* Release */,
			);
			defaultConfigurationIsVisible = 0;
			defaultConfigurationName = Release;
		};
		B7C797B92C1C30B500A45639 /* Build configuration list for PBXNativeTarget "FreshNyam" */ = {
			isa = XCConfigurationList;
			buildConfigurations = (
				B7C797BA2C1C30B500A45639 /* Debug */,
				B7C797BB2C1C30B500A45639 /* Release */,
			);
			defaultConfigurationIsVisible = 0;
			defaultConfigurationName = Release;
		};
/* End XCConfigurationList section */
	};
	rootObject = B7C797A32C1C30B400A45639 /* Project object */;
}
